
Microsoft Visual Studio Solution File, Format Version 12.00
# Visual Studio Version 17
VisualStudioVersion = 17.0.32014.148
MinimumVisualStudioVersion = 10.0.40219.1
Project("{FAE04EC0-301F-11D3-BF4B-00C04F79EFBC}") = "soicalMedia", "API\soicalMedia.csproj", "{A73B6CDD-2F5F-45C0-AB9C-9663CAE00808}"
EndProject
Global
	GlobalSection(SolutionConfigurationPlatforms) = preSolution
		Debug|Any CPU = Debug|Any CPU
		Release|Any CPU = Release|Any CPU
	EndGlobalSection
	GlobalSection(ProjectConfigurationPlatforms) = postSolution
		{A73B6CDD-2F5F-45C0-AB9C-9663CAE00808}.Debug|Any CPU.ActiveCfg = Debug|Any CPU
		{A73B6CDD-2F5F-45C0-AB9C-9663CAE00808}.Debug|Any CPU.Build.0 = Debug|Any CPU
		{A73B6CDD-2F5F-45C0-AB9C-9663CAE00808}.Release|Any CPU.ActiveCfg = Release|Any CPU
		{A73B6CDD-2F5F-45C0-AB9C-9663CAE00808}.Release|Any CPU.Build.0 = Release|Any CPU
	EndGlobalSection
	GlobalSection(SolutionProperties) = preSolution
		HideSolutionNode = FALSE
	EndGlobalSection
	GlobalSection(ExtensibilityGlobals) = postSolution
		SolutionGuid = {D64BB45F-EAC1-488E-ACC8-5B325E73222A}
	EndGlobalSection
EndGlobal
